
Microsoft Visual Studio Solution File, Format Version 12.00
# Visual Studio Version 17
VisualStudioVersion = 17.14.36414.22 d17.14
MinimumVisualStudioVersion = 10.0.40219.1
Project("{FAE04EC0-301F-11D3-BF4B-00C04F79EFBC}") = "FurniMpa201", "FurniMpa201.csproj", "{1149A75F-F44B-4A57-9DDB-F3CA36FAD54C}"
EndProject
Global
	GlobalSection(SolutionConfigurationPlatforms) = preSolution
		Debug|Any CPU = Debug|Any CPU
		Release|Any CPU = Release|Any CPU
	EndGlobalSection
	GlobalSection(ProjectConfigurationPlatforms) = postSolution
		{1149A75F-F44B-4A57-9DDB-F3CA36FAD54C}.Debug|Any CPU.ActiveCfg = Debug|Any CPU
		{1149A75F-F44B-4A57-9DDB-F3CA36FAD54C}.Debug|Any CPU.Build.0 = Debug|Any CPU
		{1149A75F-F44B-4A57-9DDB-F3CA36FAD54C}.Release|Any CPU.ActiveCfg = Release|Any CPU
		{1149A75F-F44B-4A57-9DDB-F3CA36FAD54C}.Release|Any CPU.Build.0 = Release|Any CPU
	EndGlobalSection
	GlobalSection(SolutionProperties) = preSolution
		HideSolutionNode = FALSE
	EndGlobalSection
	GlobalSection(ExtensibilityGlobals) = postSolution
		SolutionGuid = {D24C43AB-C859-4D1E-8A52-8432219AD5BC}
	EndGlobalSection
EndGlobal
